<?xml version="1.0" encoding="utf-8"?>
<Project ToolsVersion="4.0" xmlns="http://schemas.microsoft.com/developer/msbuild/2003">
  <ItemGroup>
    <ClCompile Include="platform\element.cpp" />
    <ClCompile Include="platform\platform.cpp" />
    <ClCompile Include="platform\area.hpp" />
    <ClCompile Include="platform\element_chain.cpp" />
    <ClCompile Include="platform\action.cpp" />
  </ItemGroup>
  <ItemGroup>
    <ClInclude Include="common.hpp" />
    <ClInclude Include="platform\element.hpp" />
    <ClInclude Include="platform\platform.hpp" />
    <ClInclude Include="utils\str.hpp" />
    <ClInclude Include="utils\dbg.hpp" />
    <ClInclude Include="utils\log.hpp" />
    <ClInclude Include="platform\element_chain.hpp" />
    <ClInclude Include="platform\action.hpp" />
    <ClInclude Include="json.hpp" />
    <ClInclude Include="platform\identifier.hpp" />
  </ItemGroup>
</Project>